
Microsoft Visual Studio Solution File, Format Version 12.00
# Visual Studio Version 17
VisualStudioVersion = 17.0.31903.59
MinimumVisualStudioVersion = 10.0.40219.1
Project("{2150E333-8FDC-42A3-9474-1A3956D46DE8}") = "src", "src", "{827E0CD3-B72D-47B6-A68D-7590B98EB39B}"
EndProject
Project("{FAE04EC0-301F-11D3-BF4B-00C04F79EFBC}") = "Microsoft.Maui.Avalonia", "src\Microsoft.Maui.Avalonia\Microsoft.Maui.Avalonia.csproj", "{32EEBD18-43C8-4CFD-AD51-4B80A182C2C1}"
EndProject
Project("{2150E333-8FDC-42A3-9474-1A3956D46DE8}") = "samples", "samples", "{5D20AA90-6969-D8BD-9DCD-8634F4692FDA}"
EndProject
Project("{FAE04EC0-301F-11D3-BF4B-00C04F79EFBC}") = "MauiAvalonia.SampleApp", "samples\MauiAvalonia.SampleApp\MauiAvalonia.SampleApp.csproj", "{EDA30549-0010-47CD-BDF1-3A91AD04AD6D}"
EndProject
Project("{2150E333-8FDC-42A3-9474-1A3956D46DE8}") = "tests", "tests", "{0AB3BF05-4346-4AA6-1389-037BE0695223}"
EndProject
Project("{FAE04EC0-301F-11D3-BF4B-00C04F79EFBC}") = "Microsoft.Maui.Avalonia.Tests", "tests\Microsoft.Maui.Avalonia.Tests\Microsoft.Maui.Avalonia.Tests.csproj", "{34986B4C-2939-43AB-B40E-8871B551E5AE}"
EndProject
Global
	GlobalSection(SolutionConfigurationPlatforms) = preSolution
		Debug|Any CPU = Debug|Any CPU
		Debug|x64 = Debug|x64
		Debug|x86 = Debug|x86
		Release|Any CPU = Release|Any CPU
		Release|x64 = Release|x64
		Release|x86 = Release|x86
	EndGlobalSection
	GlobalSection(ProjectConfigurationPlatforms) = postSolution
		{32EEBD18-43C8-4CFD-AD51-4B80A182C2C1}.Debug|Any CPU.ActiveCfg = Debug|Any CPU
		{32EEBD18-43C8-4CFD-AD51-4B80A182C2C1}.Debug|Any CPU.Build.0 = Debug|Any CPU
		{32EEBD18-43C8-4CFD-AD51-4B80A182C2C1}.Debug|x64.ActiveCfg = Debug|Any CPU
		{32EEBD18-43C8-4CFD-AD51-4B80A182C2C1}.Debug|x64.Build.0 = Debug|Any CPU
		{32EEBD18-43C8-4CFD-AD51-4B80A182C2C1}.Debug|x86.ActiveCfg = Debug|Any CPU
		{32EEBD18-43C8-4CFD-AD51-4B80A182C2C1}.Debug|x86.Build.0 = Debug|Any CPU
		{32EEBD18-43C8-4CFD-AD51-4B80A182C2C1}.Release|Any CPU.ActiveCfg = Release|Any CPU
		{32EEBD18-43C8-4CFD-AD51-4B80A182C2C1}.Release|Any CPU.Build.0 = Release|Any CPU
		{32EEBD18-43C8-4CFD-AD51-4B80A182C2C1}.Release|x64.ActiveCfg = Release|Any CPU
		{32EEBD18-43C8-4CFD-AD51-4B80A182C2C1}.Release|x64.Build.0 = Release|Any CPU
		{32EEBD18-43C8-4CFD-AD51-4B80A182C2C1}.Release|x86.ActiveCfg = Release|Any CPU
		{32EEBD18-43C8-4CFD-AD51-4B80A182C2C1}.Release|x86.Build.0 = Release|Any CPU
		{EDA30549-0010-47CD-BDF1-3A91AD04AD6D}.Debug|Any CPU.ActiveCfg = Debug|Any CPU
		{EDA30549-0010-47CD-BDF1-3A91AD04AD6D}.Debug|Any CPU.Build.0 = Debug|Any CPU
		{EDA30549-0010-47CD-BDF1-3A91AD04AD6D}.Debug|x64.ActiveCfg = Debug|Any CPU
		{EDA30549-0010-47CD-BDF1-3A91AD04AD6D}.Debug|x64.Build.0 = Debug|Any CPU
		{EDA30549-0010-47CD-BDF1-3A91AD04AD6D}.Debug|x86.ActiveCfg = Debug|Any CPU
		{EDA30549-0010-47CD-BDF1-3A91AD04AD6D}.Debug|x86.Build.0 = Debug|Any CPU
		{EDA30549-0010-47CD-BDF1-3A91AD04AD6D}.Release|Any CPU.ActiveCfg = Release|Any CPU
		{EDA30549-0010-47CD-BDF1-3A91AD04AD6D}.Release|Any CPU.Build.0 = Release|Any CPU
		{EDA30549-0010-47CD-BDF1-3A91AD04AD6D}.Release|x64.ActiveCfg = Release|Any CPU
		{EDA30549-0010-47CD-BDF1-3A91AD04AD6D}.Release|x64.Build.0 = Release|Any CPU
		{EDA30549-0010-47CD-BDF1-3A91AD04AD6D}.Release|x86.ActiveCfg = Release|Any CPU
		{EDA30549-0010-47CD-BDF1-3A91AD04AD6D}.Release|x86.Build.0 = Release|Any CPU
		{34986B4C-2939-43AB-B40E-8871B551E5AE}.Debug|Any CPU.ActiveCfg = Debug|Any CPU
		{34986B4C-2939-43AB-B40E-8871B551E5AE}.Debug|Any CPU.Build.0 = Debug|Any CPU
		{34986B4C-2939-43AB-B40E-8871B551E5AE}.Debug|x64.ActiveCfg = Debug|Any CPU
		{34986B4C-2939-43AB-B40E-8871B551E5AE}.Debug|x64.Build.0 = Debug|Any CPU
		{34986B4C-2939-43AB-B40E-8871B551E5AE}.Debug|x86.ActiveCfg = Debug|Any CPU
		{34986B4C-2939-43AB-B40E-8871B551E5AE}.Debug|x86.Build.0 = Debug|Any CPU
		{34986B4C-2939-43AB-B40E-8871B551E5AE}.Release|Any CPU.ActiveCfg = Release|Any CPU
		{34986B4C-2939-43AB-B40E-8871B551E5AE}.Release|Any CPU.Build.0 = Release|Any CPU
		{34986B4C-2939-43AB-B40E-8871B551E5AE}.Release|x64.ActiveCfg = Release|Any CPU
		{34986B4C-2939-43AB-B40E-8871B551E5AE}.Release|x64.Build.0 = Release|Any CPU
		{34986B4C-2939-43AB-B40E-8871B551E5AE}.Release|x86.ActiveCfg = Release|Any CPU
		{34986B4C-2939-43AB-B40E-8871B551E5AE}.Release|x86.Build.0 = Release|Any CPU
	EndGlobalSection
	GlobalSection(SolutionProperties) = preSolution
		HideSolutionNode = FALSE
	EndGlobalSection
	GlobalSection(NestedProjects) = preSolution
		{32EEBD18-43C8-4CFD-AD51-4B80A182C2C1} = {827E0CD3-B72D-47B6-A68D-7590B98EB39B}
		{EDA30549-0010-47CD-BDF1-3A91AD04AD6D} = {5D20AA90-6969-D8BD-9DCD-8634F4692FDA}
		{34986B4C-2939-43AB-B40E-8871B551E5AE} = {0AB3BF05-4346-4AA6-1389-037BE0695223}
	EndGlobalSection
EndGlobal
